
Microsoft Visual Studio Solution File, Format Version 12.00
# Visual Studio 15
VisualStudioVersion = 15.0.28307.1758
MinimumVisualStudioVersion = 10.0.40219.1
Project("{FAE04EC0-301F-11D3-BF4B-00C04F79EFBC}") = "ComputerModellingLib", "ComputerModellingLib\ComputerModellingLib.csproj", "{9774FDD3-5019-4C91-83B9-53C0A9D8FDE6}"
EndProject
Project("{FAE04EC0-301F-11D3-BF4B-00C04F79EFBC}") = "PLC Expert", "Estimator v2.1\PLC Expert.csproj", "{7820780A-5545-495D-A48A-E77F6DAAE7A6}"
EndProject
Global
	GlobalSection(SolutionConfigurationPlatforms) = preSolution
		Debug|Any CPU = Debug|Any CPU
		Debug|x86 = Debug|x86
		Release|Any CPU = Release|Any CPU
		Release|x86 = Release|x86
	EndGlobalSection
	GlobalSection(ProjectConfigurationPlatforms) = postSolution
		{9774FDD3-5019-4C91-83B9-53C0A9D8FDE6}.Debug|Any CPU.ActiveCfg = Debug|Any CPU
		{9774FDD3-5019-4C91-83B9-53C0A9D8FDE6}.Debug|Any CPU.Build.0 = Debug|Any CPU
		{9774FDD3-5019-4C91-83B9-53C0A9D8FDE6}.Debug|x86.ActiveCfg = Debug|Any CPU
		{9774FDD3-5019-4C91-83B9-53C0A9D8FDE6}.Debug|x86.Build.0 = Debug|Any CPU
		{9774FDD3-5019-4C91-83B9-53C0A9D8FDE6}.Release|Any CPU.ActiveCfg = Release|Any CPU
		{9774FDD3-5019-4C91-83B9-53C0A9D8FDE6}.Release|Any CPU.Build.0 = Release|Any CPU
		{9774FDD3-5019-4C91-83B9-53C0A9D8FDE6}.Release|x86.ActiveCfg = Release|Any CPU
		{9774FDD3-5019-4C91-83B9-53C0A9D8FDE6}.Release|x86.Build.0 = Release|Any CPU
		{7820780A-5545-495D-A48A-E77F6DAAE7A6}.Debug|Any CPU.ActiveCfg = Debug|Any CPU
		{7820780A-5545-495D-A48A-E77F6DAAE7A6}.Debug|Any CPU.Build.0 = Debug|Any CPU
		{7820780A-5545-495D-A48A-E77F6DAAE7A6}.Debug|x86.ActiveCfg = Debug|Any CPU
		{7820780A-5545-495D-A48A-E77F6DAAE7A6}.Debug|x86.Build.0 = Debug|Any CPU
		{7820780A-5545-495D-A48A-E77F6DAAE7A6}.Release|Any CPU.ActiveCfg = Release|Any CPU
		{7820780A-5545-495D-A48A-E77F6DAAE7A6}.Release|Any CPU.Build.0 = Release|Any CPU
		{7820780A-5545-495D-A48A-E77F6DAAE7A6}.Release|x86.ActiveCfg = Release|Any CPU
		{7820780A-5545-495D-A48A-E77F6DAAE7A6}.Release|x86.Build.0 = Release|Any CPU
	EndGlobalSection
	GlobalSection(SolutionProperties) = preSolution
		HideSolutionNode = FALSE
	EndGlobalSection
	GlobalSection(ExtensibilityGlobals) = postSolution
		SolutionGuid = {3281011B-B3EF-4329-A943-1471276BD03A}
	EndGlobalSection
EndGlobal
